
Microsoft Visual Studio Solution File, Format Version 12.00
# Visual Studio Version 17
VisualStudioVersion = 17.4.33103.184
MinimumVisualStudioVersion = 10.0.40219.1
Project("{2150E333-8FDC-42A3-9474-1A3956D46DE8}") = "_easy", "_easy", "{A2472AC7-0246-4B3B-8CAF-FB36BC961ECE}"
EndProject
Project("{2150E333-8FDC-42A3-9474-1A3956D46DE8}") = "__medium", "__medium", "{9CF737A8-3B8D-42C3-B393-99E5E081C8F3}"
EndProject
Project("{2150E333-8FDC-42A3-9474-1A3956D46DE8}") = "___hard", "___hard", "{E72018A6-51F2-4E00-96F8-C39641729950}"
EndProject
Project("{2150E333-8FDC-42A3-9474-1A3956D46DE8}") = "____veryhard", "____veryhard", "{234CC78E-D218-4633-B110-4296C1B020D6}"
EndProject
Project("{9A19103F-16F7-4668-BE54-9A1E7A4F7556}") = "CropCircles", "_easy\CropCircles\CropCircles.csproj", "{3ECB7A0C-BA01-4946-A7B5-2BBF6FB9ACBB}"
EndProject
Project("{9A19103F-16F7-4668-BE54-9A1E7A4F7556}") = "1DBushFire", "_easy\1DBushFire\1DBushFire\1DBushFire.csproj", "{C5DA4AAF-B28B-491A-8258-882A3637743C}"
EndProject
Project("{9A19103F-16F7-4668-BE54-9A1E7A4F7556}") = "7SegmentScanner", "_easy\7SegmentScanner\7SegmentScanner.csproj", "{B74C2C3F-62C3-4394-95D5-051489E550FF}"
EndProject
Project("{9A19103F-16F7-4668-BE54-9A1E7A4F7556}") = "100DWorld", "_easy\10000000DWorld\100DWorld.csproj", "{16DBDDD4-1574-4975-8D36-6AC65C76FF23}"
EndProject
Project("{9A19103F-16F7-4668-BE54-9A1E7A4F7556}") = "abcdefghijklmnopqrstuvwxyz", "_easy\abcdefghijklmnopqrstuvwxyz\abcdefghijklmnopqrstuvwxyz.csproj", "{541026ED-E381-4BE7-BC05-78D74C249005}"
EndProject
Project("{9A19103F-16F7-4668-BE54-9A1E7A4F7556}") = "AddEmUp", "_easy\AddEmUp\AddEmUp.csproj", "{4E9143FF-3CB8-4328-9670-8979D36A954E}"
EndProject
Project("{9A19103F-16F7-4668-BE54-9A1E7A4F7556}") = "AnAdventureInTheFantasyWorld", "_easy\AnAdventureInTheFantasyWorld\AnAdventureInTheFantasyWorld.csproj", "{5E9726FB-C387-4ED2-8AD5-DDD19D4D5B2F}"
EndProject
Project("{9A19103F-16F7-4668-BE54-9A1E7A4F7556}") = "Annihilation", "_easy\Annihilation\Annihilation.csproj", "{AFD8807C-7FC7-4DC3-A7D2-14068E9BD1A4}"
EndProject
Project("{9A19103F-16F7-4668-BE54-9A1E7A4F7556}") = "AnotherRoadConstructionSite1", "_easy\AnotherRoadConstructionSite1\AnotherRoadConstructionSite1.csproj", "{089036D6-B064-43B3-8C53-54F2DF5D47DE}"
EndProject
Project("{9A19103F-16F7-4668-BE54-9A1E7A4F7556}") = "ArtificialEmotionalIntelligence", "_easy\ArtificialEmotionalIntelligence\ArtificialEmotionalIntelligence.csproj", "{6B09031F-8D7F-4471-8B46-E487FD631F6B}"
EndProject
Project("{9A19103F-16F7-4668-BE54-9A1E7A4F7556}") = "ASCIIArt", "_easy\ASCIIArt\ASCIIArt.csproj", "{13619C10-6777-4AC0-8770-EEE0AD709F81}"
EndProject
Project("{9A19103F-16F7-4668-BE54-9A1E7A4F7556}") = "Vortex", "___hard\Vortex\Vortex.csproj", "{11327F14-F1CD-4948-A39A-C11A0D7B8984}"
EndProject
Project("{9A19103F-16F7-4668-BE54-9A1E7A4F7556}") = "DetectivePikachu4", "___hard\DetectivePikachu4\DetectivePikachu4.csproj", "{A00FD0A6-4E1A-4F89-AEAC-2E08F720FAAD}"
EndProject
Project("{9A19103F-16F7-4668-BE54-9A1E7A4F7556}") = "VortexTests", "___hard\VortexTests\VortexTests.csproj", "{214B4EF2-7E3C-40AD-AD76-AE3C5164BA11}"
EndProject
Project("{9A19103F-16F7-4668-BE54-9A1E7A4F7556}") = "ConwaySequence", "__medium\ConwaySequence\ConwaySequence.csproj", "{2C038ADB-87A2-49EA-9272-7C6F5366B625}"
EndProject
Project("{9A19103F-16F7-4668-BE54-9A1E7A4F7556}") = "CustomGameOfLife", "__medium\CustomGameOfLife\CustomGameOfLife.csproj", "{37CDDBDF-1406-47CC-97A5-5810CC25B4CE}"
EndProject
Project("{9A19103F-16F7-4668-BE54-9A1E7A4F7556}") = "DwarfsStandingOnTheShouldersOfGiants", "__medium\DwarfsStandingOnTheShouldersOfGiants\DwarfsStandingOnTheShouldersOfGiants.csproj", "{BBD88FBE-3FF6-4349-9A54-4E1DC1E32E9F}"
EndProject
Project("{9A19103F-16F7-4668-BE54-9A1E7A4F7556}") = "EntryCode", "__medium\EntryCode\EntryCode.csproj", "{1A9FDB9F-931A-4CE2-AB89-B3C70332FDE2}"
EndProject
Project("{9A19103F-16F7-4668-BE54-9A1E7A4F7556}") = "JoinTheDots", "__medium\JoinTheDots\JoinTheDots.csproj", "{6B166DAB-820A-4250-A351-46C160AABE38}"
EndProject
Project("{9A19103F-16F7-4668-BE54-9A1E7A4F7556}") = "TheGift", "__medium\TheGift\TheGift.csproj", "{09A2261A-4B23-44A4-B98C-311FB9F1E29D}"
EndProject
Project("{9A19103F-16F7-4668-BE54-9A1E7A4F7556}") = "TheLostChild", "__medium\TheLostChild\TheLostChild.csproj", "{F6DAA811-8E1A-4F8F-913B-DF0E655BC023}"
EndProject
Project("{9A19103F-16F7-4668-BE54-9A1E7A4F7556}") = "CharacterReplacementProblem", "_easy\CharacterReplacementProblem\CharacterReplacementProblem.csproj", "{86CE234A-5854-44AB-9F7A-8CA43A019CE3}"
EndProject
Project("{9A19103F-16F7-4668-BE54-9A1E7A4F7556}") = "DieHandedness", "_easy\DieHandedness\DieHandedness.csproj", "{9BEB7D18-A52E-45EF-BE1F-6D7262DCD9E9}"
EndProject
Project("{9A19103F-16F7-4668-BE54-9A1E7A4F7556}") = "FrameThePicture", "_easy\FrameThePicture\FrameThePicture.csproj", "{00C77B5E-98FB-4B5D-936F-C5FC3B437867}"
EndProject
Project("{9A19103F-16F7-4668-BE54-9A1E7A4F7556}") = "MaxArea", "_easy\MaxArea\MaxArea.csproj", "{AEDCBEA6-44A9-4CFB-ADC3-CF9C3C52D843}"
EndProject
Project("{9A19103F-16F7-4668-BE54-9A1E7A4F7556}") = "MovesInMaze", "_easy\MovesInMaze\MovesInMaze.csproj", "{4AADF2DA-F5C3-46A5-BDA7-B2AA5DFEB347}"
EndProject
Project("{9A19103F-16F7-4668-BE54-9A1E7A4F7556}") = "PiratesTreasure", "_easy\PiratesTreasure\PiratesTreasure.csproj", "{30AC8D01-C469-450E-9FEC-F929E052120A}"
EndProject
Project("{9A19103F-16F7-4668-BE54-9A1E7A4F7556}") = "WalkOnADie", "_easy\WalkOnADie\WalkOnADie.csproj", "{4256C6B4-8BEA-4EA1-98E3-06694B840CC2}"
EndProject
Global
	GlobalSection(SolutionConfigurationPlatforms) = preSolution
		Debug|Any CPU = Debug|Any CPU
		Release|Any CPU = Release|Any CPU
	EndGlobalSection
	GlobalSection(ProjectConfigurationPlatforms) = postSolution
		{3ECB7A0C-BA01-4946-A7B5-2BBF6FB9ACBB}.Debug|Any CPU.ActiveCfg = Debug|Any CPU
		{3ECB7A0C-BA01-4946-A7B5-2BBF6FB9ACBB}.Debug|Any CPU.Build.0 = Debug|Any CPU
		{3ECB7A0C-BA01-4946-A7B5-2BBF6FB9ACBB}.Release|Any CPU.ActiveCfg = Release|Any CPU
		{3ECB7A0C-BA01-4946-A7B5-2BBF6FB9ACBB}.Release|Any CPU.Build.0 = Release|Any CPU
		{C5DA4AAF-B28B-491A-8258-882A3637743C}.Debug|Any CPU.ActiveCfg = Debug|Any CPU
		{C5DA4AAF-B28B-491A-8258-882A3637743C}.Debug|Any CPU.Build.0 = Debug|Any CPU
		{C5DA4AAF-B28B-491A-8258-882A3637743C}.Release|Any CPU.ActiveCfg = Release|Any CPU
		{C5DA4AAF-B28B-491A-8258-882A3637743C}.Release|Any CPU.Build.0 = Release|Any CPU
		{B74C2C3F-62C3-4394-95D5-051489E550FF}.Debug|Any CPU.ActiveCfg = Debug|Any CPU
		{B74C2C3F-62C3-4394-95D5-051489E550FF}.Debug|Any CPU.Build.0 = Debug|Any CPU
		{B74C2C3F-62C3-4394-95D5-051489E550FF}.Release|Any CPU.ActiveCfg = Release|Any CPU
		{B74C2C3F-62C3-4394-95D5-051489E550FF}.Release|Any CPU.Build.0 = Release|Any CPU
		{16DBDDD4-1574-4975-8D36-6AC65C76FF23}.Debug|Any CPU.ActiveCfg = Debug|Any CPU
		{16DBDDD4-1574-4975-8D36-6AC65C76FF23}.Debug|Any CPU.Build.0 = Debug|Any CPU
		{16DBDDD4-1574-4975-8D36-6AC65C76FF23}.Release|Any CPU.ActiveCfg = Release|Any CPU
		{16DBDDD4-1574-4975-8D36-6AC65C76FF23}.Release|Any CPU.Build.0 = Release|Any CPU
		{541026ED-E381-4BE7-BC05-78D74C249005}.Debug|Any CPU.ActiveCfg = Debug|Any CPU
		{541026ED-E381-4BE7-BC05-78D74C249005}.Debug|Any CPU.Build.0 = Debug|Any CPU
		{541026ED-E381-4BE7-BC05-78D74C249005}.Release|Any CPU.ActiveCfg = Release|Any CPU
		{541026ED-E381-4BE7-BC05-78D74C249005}.Release|Any CPU.Build.0 = Release|Any CPU
		{4E9143FF-3CB8-4328-9670-8979D36A954E}.Debug|Any CPU.ActiveCfg = Debug|Any CPU
		{4E9143FF-3CB8-4328-9670-8979D36A954E}.Debug|Any CPU.Build.0 = Debug|Any CPU
		{4E9143FF-3CB8-4328-9670-8979D36A954E}.Release|Any CPU.ActiveCfg = Release|Any CPU
		{4E9143FF-3CB8-4328-9670-8979D36A954E}.Release|Any CPU.Build.0 = Release|Any CPU
		{5E9726FB-C387-4ED2-8AD5-DDD19D4D5B2F}.Debug|Any CPU.ActiveCfg = Debug|Any CPU
		{5E9726FB-C387-4ED2-8AD5-DDD19D4D5B2F}.Debug|Any CPU.Build.0 = Debug|Any CPU
		{5E9726FB-C387-4ED2-8AD5-DDD19D4D5B2F}.Release|Any CPU.ActiveCfg = Release|Any CPU
		{5E9726FB-C387-4ED2-8AD5-DDD19D4D5B2F}.Release|Any CPU.Build.0 = Release|Any CPU
		{AFD8807C-7FC7-4DC3-A7D2-14068E9BD1A4}.Debug|Any CPU.ActiveCfg = Debug|Any CPU
		{AFD8807C-7FC7-4DC3-A7D2-14068E9BD1A4}.Debug|Any CPU.Build.0 = Debug|Any CPU
		{AFD8807C-7FC7-4DC3-A7D2-14068E9BD1A4}.Release|Any CPU.ActiveCfg = Release|Any CPU
		{AFD8807C-7FC7-4DC3-A7D2-14068E9BD1A4}.Release|Any CPU.Build.0 = Release|Any CPU
		{089036D6-B064-43B3-8C53-54F2DF5D47DE}.Debug|Any CPU.ActiveCfg = Debug|Any CPU
		{089036D6-B064-43B3-8C53-54F2DF5D47DE}.Debug|Any CPU.Build.0 = Debug|Any CPU
		{089036D6-B064-43B3-8C53-54F2DF5D47DE}.Release|Any CPU.ActiveCfg = Release|Any CPU
		{089036D6-B064-43B3-8C53-54F2DF5D47DE}.Release|Any CPU.Build.0 = Release|Any CPU
		{6B09031F-8D7F-4471-8B46-E487FD631F6B}.Debug|Any CPU.ActiveCfg = Debug|Any CPU
		{6B09031F-8D7F-4471-8B46-E487FD631F6B}.Debug|Any CPU.Build.0 = Debug|Any CPU
		{6B09031F-8D7F-4471-8B46-E487FD631F6B}.Release|Any CPU.ActiveCfg = Release|Any CPU
		{6B09031F-8D7F-4471-8B46-E487FD631F6B}.Release|Any CPU.Build.0 = Release|Any CPU
		{13619C10-6777-4AC0-8770-EEE0AD709F81}.Debug|Any CPU.ActiveCfg = Debug|Any CPU
		{13619C10-6777-4AC0-8770-EEE0AD709F81}.Debug|Any CPU.Build.0 = Debug|Any CPU
		{13619C10-6777-4AC0-8770-EEE0AD709F81}.Release|Any CPU.ActiveCfg = Release|Any CPU
		{13619C10-6777-4AC0-8770-EEE0AD709F81}.Release|Any CPU.Build.0 = Release|Any CPU
		{11327F14-F1CD-4948-A39A-C11A0D7B8984}.Debug|Any CPU.ActiveCfg = Debug|Any CPU
		{11327F14-F1CD-4948-A39A-C11A0D7B8984}.Debug|Any CPU.Build.0 = Debug|Any CPU
		{11327F14-F1CD-4948-A39A-C11A0D7B8984}.Release|Any CPU.ActiveCfg = Release|Any CPU
		{11327F14-F1CD-4948-A39A-C11A0D7B8984}.Release|Any CPU.Build.0 = Release|Any CPU
		{A00FD0A6-4E1A-4F89-AEAC-2E08F720FAAD}.Debug|Any CPU.ActiveCfg = Debug|Any CPU
		{A00FD0A6-4E1A-4F89-AEAC-2E08F720FAAD}.Debug|Any CPU.Build.0 = Debug|Any CPU
		{A00FD0A6-4E1A-4F89-AEAC-2E08F720FAAD}.Release|Any CPU.ActiveCfg = Release|Any CPU
		{A00FD0A6-4E1A-4F89-AEAC-2E08F720FAAD}.Release|Any CPU.Build.0 = Release|Any CPU
		{214B4EF2-7E3C-40AD-AD76-AE3C5164BA11}.Debug|Any CPU.ActiveCfg = Debug|Any CPU
		{214B4EF2-7E3C-40AD-AD76-AE3C5164BA11}.Debug|Any CPU.Build.0 = Debug|Any CPU
		{214B4EF2-7E3C-40AD-AD76-AE3C5164BA11}.Release|Any CPU.ActiveCfg = Release|Any CPU
		{214B4EF2-7E3C-40AD-AD76-AE3C5164BA11}.Release|Any CPU.Build.0 = Release|Any CPU
		{2C038ADB-87A2-49EA-9272-7C6F5366B625}.Debug|Any CPU.ActiveCfg = Debug|Any CPU
		{2C038ADB-87A2-49EA-9272-7C6F5366B625}.Debug|Any CPU.Build.0 = Debug|Any CPU
		{2C038ADB-87A2-49EA-9272-7C6F5366B625}.Release|Any CPU.ActiveCfg = Release|Any CPU
		{2C038ADB-87A2-49EA-9272-7C6F5366B625}.Release|Any CPU.Build.0 = Release|Any CPU
		{37CDDBDF-1406-47CC-97A5-5810CC25B4CE}.Debug|Any CPU.ActiveCfg = Debug|Any CPU
		{37CDDBDF-1406-47CC-97A5-5810CC25B4CE}.Debug|Any CPU.Build.0 = Debug|Any CPU
		{37CDDBDF-1406-47CC-97A5-5810CC25B4CE}.Release|Any CPU.ActiveCfg = Release|Any CPU
		{37CDDBDF-1406-47CC-97A5-5810CC25B4CE}.Release|Any CPU.Build.0 = Release|Any CPU
		{BBD88FBE-3FF6-4349-9A54-4E1DC1E32E9F}.Debug|Any CPU.ActiveCfg = Debug|Any CPU
		{BBD88FBE-3FF6-4349-9A54-4E1DC1E32E9F}.Debug|Any CPU.Build.0 = Debug|Any CPU
		{BBD88FBE-3FF6-4349-9A54-4E1DC1E32E9F}.Release|Any CPU.ActiveCfg = Release|Any CPU
		{BBD88FBE-3FF6-4349-9A54-4E1DC1E32E9F}.Release|Any CPU.Build.0 = Release|Any CPU
		{1A9FDB9F-931A-4CE2-AB89-B3C70332FDE2}.Debug|Any CPU.ActiveCfg = Debug|Any CPU
		{1A9FDB9F-931A-4CE2-AB89-B3C70332FDE2}.Debug|Any CPU.Build.0 = Debug|Any CPU
		{1A9FDB9F-931A-4CE2-AB89-B3C70332FDE2}.Release|Any CPU.ActiveCfg = Release|Any CPU
		{1A9FDB9F-931A-4CE2-AB89-B3C70332FDE2}.Release|Any CPU.Build.0 = Release|Any CPU
		{6B166DAB-820A-4250-A351-46C160AABE38}.Debug|Any CPU.ActiveCfg = Debug|Any CPU
		{6B166DAB-820A-4250-A351-46C160AABE38}.Debug|Any CPU.Build.0 = Debug|Any CPU
		{6B166DAB-820A-4250-A351-46C160AABE38}.Release|Any CPU.ActiveCfg = Release|Any CPU
		{6B166DAB-820A-4250-A351-46C160AABE38}.Release|Any CPU.Build.0 = Release|Any CPU
		{09A2261A-4B23-44A4-B98C-311FB9F1E29D}.Debug|Any CPU.ActiveCfg = Debug|Any CPU
		{09A2261A-4B23-44A4-B98C-311FB9F1E29D}.Debug|Any CPU.Build.0 = Debug|Any CPU
		{09A2261A-4B23-44A4-B98C-311FB9F1E29D}.Release|Any CPU.ActiveCfg = Release|Any CPU
		{09A2261A-4B23-44A4-B98C-311FB9F1E29D}.Release|Any CPU.Build.0 = Release|Any CPU
		{F6DAA811-8E1A-4F8F-913B-DF0E655BC023}.Debug|Any CPU.ActiveCfg = Debug|Any CPU
		{F6DAA811-8E1A-4F8F-913B-DF0E655BC023}.Debug|Any CPU.Build.0 = Debug|Any CPU
		{F6DAA811-8E1A-4F8F-913B-DF0E655BC023}.Release|Any CPU.ActiveCfg = Release|Any CPU
		{F6DAA811-8E1A-4F8F-913B-DF0E655BC023}.Release|Any CPU.Build.0 = Release|Any CPU
		{86CE234A-5854-44AB-9F7A-8CA43A019CE3}.Debug|Any CPU.ActiveCfg = Debug|Any CPU
		{86CE234A-5854-44AB-9F7A-8CA43A019CE3}.Debug|Any CPU.Build.0 = Debug|Any CPU
		{86CE234A-5854-44AB-9F7A-8CA43A019CE3}.Release|Any CPU.ActiveCfg = Release|Any CPU
		{86CE234A-5854-44AB-9F7A-8CA43A019CE3}.Release|Any CPU.Build.0 = Release|Any CPU
		{9BEB7D18-A52E-45EF-BE1F-6D7262DCD9E9}.Debug|Any CPU.ActiveCfg = Debug|Any CPU
		{9BEB7D18-A52E-45EF-BE1F-6D7262DCD9E9}.Debug|Any CPU.Build.0 = Debug|Any CPU
		{9BEB7D18-A52E-45EF-BE1F-6D7262DCD9E9}.Release|Any CPU.ActiveCfg = Release|Any CPU
		{9BEB7D18-A52E-45EF-BE1F-6D7262DCD9E9}.Release|Any CPU.Build.0 = Release|Any CPU
		{00C77B5E-98FB-4B5D-936F-C5FC3B437867}.Debug|Any CPU.ActiveCfg = Debug|Any CPU
		{00C77B5E-98FB-4B5D-936F-C5FC3B437867}.Debug|Any CPU.Build.0 = Debug|Any CPU
		{00C77B5E-98FB-4B5D-936F-C5FC3B437867}.Release|Any CPU.ActiveCfg = Release|Any CPU
		{00C77B5E-98FB-4B5D-936F-C5FC3B437867}.Release|Any CPU.Build.0 = Release|Any CPU
		{AEDCBEA6-44A9-4CFB-ADC3-CF9C3C52D843}.Debug|Any CPU.ActiveCfg = Debug|Any CPU
		{AEDCBEA6-44A9-4CFB-ADC3-CF9C3C52D843}.Debug|Any CPU.Build.0 = Debug|Any CPU
		{AEDCBEA6-44A9-4CFB-ADC3-CF9C3C52D843}.Release|Any CPU.ActiveCfg = Release|Any CPU
		{AEDCBEA6-44A9-4CFB-ADC3-CF9C3C52D843}.Release|Any CPU.Build.0 = Release|Any CPU
		{4AADF2DA-F5C3-46A5-BDA7-B2AA5DFEB347}.Debug|Any CPU.ActiveCfg = Debug|Any CPU
		{4AADF2DA-F5C3-46A5-BDA7-B2AA5DFEB347}.Debug|Any CPU.Build.0 = Debug|Any CPU
		{4AADF2DA-F5C3-46A5-BDA7-B2AA5DFEB347}.Release|Any CPU.ActiveCfg = Release|Any CPU
		{4AADF2DA-F5C3-46A5-BDA7-B2AA5DFEB347}.Release|Any CPU.Build.0 = Release|Any CPU
		{30AC8D01-C469-450E-9FEC-F929E052120A}.Debug|Any CPU.ActiveCfg = Debug|Any CPU
		{30AC8D01-C469-450E-9FEC-F929E052120A}.Debug|Any CPU.Build.0 = Debug|Any CPU
		{30AC8D01-C469-450E-9FEC-F929E052120A}.Release|Any CPU.ActiveCfg = Release|Any CPU
		{30AC8D01-C469-450E-9FEC-F929E052120A}.Release|Any CPU.Build.0 = Release|Any CPU
		{4256C6B4-8BEA-4EA1-98E3-06694B840CC2}.Debug|Any CPU.ActiveCfg = Debug|Any CPU
		{4256C6B4-8BEA-4EA1-98E3-06694B840CC2}.Debug|Any CPU.Build.0 = Debug|Any CPU
		{4256C6B4-8BEA-4EA1-98E3-06694B840CC2}.Release|Any CPU.ActiveCfg = Release|Any CPU
		{4256C6B4-8BEA-4EA1-98E3-06694B840CC2}.Release|Any CPU.Build.0 = Release|Any CPU
	EndGlobalSection
	GlobalSection(SolutionProperties) = preSolution
		HideSolutionNode = FALSE
	EndGlobalSection
	GlobalSection(NestedProjects) = preSolution
		{3ECB7A0C-BA01-4946-A7B5-2BBF6FB9ACBB} = {A2472AC7-0246-4B3B-8CAF-FB36BC961ECE}
		{C5DA4AAF-B28B-491A-8258-882A3637743C} = {A2472AC7-0246-4B3B-8CAF-FB36BC961ECE}
		{B74C2C3F-62C3-4394-95D5-051489E550FF} = {A2472AC7-0246-4B3B-8CAF-FB36BC961ECE}
		{16DBDDD4-1574-4975-8D36-6AC65C76FF23} = {A2472AC7-0246-4B3B-8CAF-FB36BC961ECE}
		{541026ED-E381-4BE7-BC05-78D74C249005} = {A2472AC7-0246-4B3B-8CAF-FB36BC961ECE}
		{4E9143FF-3CB8-4328-9670-8979D36A954E} = {A2472AC7-0246-4B3B-8CAF-FB36BC961ECE}
		{5E9726FB-C387-4ED2-8AD5-DDD19D4D5B2F} = {A2472AC7-0246-4B3B-8CAF-FB36BC961ECE}
		{AFD8807C-7FC7-4DC3-A7D2-14068E9BD1A4} = {A2472AC7-0246-4B3B-8CAF-FB36BC961ECE}
		{089036D6-B064-43B3-8C53-54F2DF5D47DE} = {A2472AC7-0246-4B3B-8CAF-FB36BC961ECE}
		{6B09031F-8D7F-4471-8B46-E487FD631F6B} = {A2472AC7-0246-4B3B-8CAF-FB36BC961ECE}
		{13619C10-6777-4AC0-8770-EEE0AD709F81} = {A2472AC7-0246-4B3B-8CAF-FB36BC961ECE}
		{11327F14-F1CD-4948-A39A-C11A0D7B8984} = {E72018A6-51F2-4E00-96F8-C39641729950}
		{A00FD0A6-4E1A-4F89-AEAC-2E08F720FAAD} = {E72018A6-51F2-4E00-96F8-C39641729950}
		{214B4EF2-7E3C-40AD-AD76-AE3C5164BA11} = {E72018A6-51F2-4E00-96F8-C39641729950}
		{2C038ADB-87A2-49EA-9272-7C6F5366B625} = {9CF737A8-3B8D-42C3-B393-99E5E081C8F3}
		{37CDDBDF-1406-47CC-97A5-5810CC25B4CE} = {9CF737A8-3B8D-42C3-B393-99E5E081C8F3}
		{BBD88FBE-3FF6-4349-9A54-4E1DC1E32E9F} = {9CF737A8-3B8D-42C3-B393-99E5E081C8F3}
		{1A9FDB9F-931A-4CE2-AB89-B3C70332FDE2} = {9CF737A8-3B8D-42C3-B393-99E5E081C8F3}
		{6B166DAB-820A-4250-A351-46C160AABE38} = {9CF737A8-3B8D-42C3-B393-99E5E081C8F3}
		{09A2261A-4B23-44A4-B98C-311FB9F1E29D} = {9CF737A8-3B8D-42C3-B393-99E5E081C8F3}
		{F6DAA811-8E1A-4F8F-913B-DF0E655BC023} = {9CF737A8-3B8D-42C3-B393-99E5E081C8F3}
		{86CE234A-5854-44AB-9F7A-8CA43A019CE3} = {A2472AC7-0246-4B3B-8CAF-FB36BC961ECE}
		{9BEB7D18-A52E-45EF-BE1F-6D7262DCD9E9} = {A2472AC7-0246-4B3B-8CAF-FB36BC961ECE}
		{00C77B5E-98FB-4B5D-936F-C5FC3B437867} = {A2472AC7-0246-4B3B-8CAF-FB36BC961ECE}
		{AEDCBEA6-44A9-4CFB-ADC3-CF9C3C52D843} = {A2472AC7-0246-4B3B-8CAF-FB36BC961ECE}
		{4AADF2DA-F5C3-46A5-BDA7-B2AA5DFEB347} = {A2472AC7-0246-4B3B-8CAF-FB36BC961ECE}
		{30AC8D01-C469-450E-9FEC-F929E052120A} = {A2472AC7-0246-4B3B-8CAF-FB36BC961ECE}
		{4256C6B4-8BEA-4EA1-98E3-06694B840CC2} = {A2472AC7-0246-4B3B-8CAF-FB36BC961ECE}
	EndGlobalSection
	GlobalSection(ExtensibilityGlobals) = postSolution
		SolutionGuid = {29A3EEF6-FE20-46D2-9CF6-4356CA4DED40}
	EndGlobalSection
EndGlobal
