
Microsoft Visual Studio Solution File, Format Version 12.00
# Visual Studio Version 17
VisualStudioVersion = 17.4.33103.184
MinimumVisualStudioVersion = 10.0.40219.1
Project("{2150E333-8FDC-42A3-9474-1A3956D46DE8}") = "_easy", "_easy", "{A2472AC7-0246-4B3B-8CAF-FB36BC961ECE}"
EndProject
Project("{2150E333-8FDC-42A3-9474-1A3956D46DE8}") = "__medium", "__medium", "{9CF737A8-3B8D-42C3-B393-99E5E081C8F3}"
EndProject
Project("{2150E333-8FDC-42A3-9474-1A3956D46DE8}") = "___hard", "___hard", "{E72018A6-51F2-4E00-96F8-C39641729950}"
EndProject
Project("{2150E333-8FDC-42A3-9474-1A3956D46DE8}") = "____veryhard", "____veryhard", "{234CC78E-D218-4633-B110-4296C1B020D6}"
EndProject
Project("{FAE04EC0-301F-11D3-BF4B-00C04F79EFBC}") = "CropCircles", "CropCircles\CropCircles.csproj", "{402D2942-6120-4F3E-9F2A-92DB57CEC413}"
EndProject
Global
	GlobalSection(SolutionConfigurationPlatforms) = preSolution
		Debug|Any CPU = Debug|Any CPU
		Release|Any CPU = Release|Any CPU
	EndGlobalSection
	GlobalSection(ProjectConfigurationPlatforms) = postSolution
		{402D2942-6120-4F3E-9F2A-92DB57CEC413}.Debug|Any CPU.ActiveCfg = Debug|Any CPU
		{402D2942-6120-4F3E-9F2A-92DB57CEC413}.Debug|Any CPU.Build.0 = Debug|Any CPU
		{402D2942-6120-4F3E-9F2A-92DB57CEC413}.Release|Any CPU.ActiveCfg = Release|Any CPU
		{402D2942-6120-4F3E-9F2A-92DB57CEC413}.Release|Any CPU.Build.0 = Release|Any CPU
	EndGlobalSection
	GlobalSection(SolutionProperties) = preSolution
		HideSolutionNode = FALSE
	EndGlobalSection
	GlobalSection(NestedProjects) = preSolution
		{402D2942-6120-4F3E-9F2A-92DB57CEC413} = {A2472AC7-0246-4B3B-8CAF-FB36BC961ECE}
	EndGlobalSection
	GlobalSection(ExtensibilityGlobals) = postSolution
		SolutionGuid = {29A3EEF6-FE20-46D2-9CF6-4356CA4DED40}
	EndGlobalSection
EndGlobal
